{
  "requires": true,
  "lockfileVersion": 1,
  "dependencies": {
    "jtopo2": {
      "version": "1.0.1",
      "resolved": "https://registry.npmjs.org/jtopo2/-/jtopo2-1.0.1.tgz",
      "integrity": "sha512-wwse/mY2lotwurZhRv37M8W8lqiEdFBmwOy8PdVWgGQzFEXD/lpM0tbeds6kyzlILCq9Rv0UAok9JqIMjDrOmw=="
    }
  }
}
